{
  "name": "kazeBlock",
  "lockfileVersion": 2,
  "requires": true,
  "packages": {
    "": {
      "dependencies": {
        "R": "^1.0.0"
      }
    },
    "node_modules/R": {
      "version": "1.0.0",
      "resolved": "https://registry.npmjs.org/R/-/R-1.0.0.tgz",
      "integrity": "sha512-oQ6XUl1LCGFmf23GQdGefa5ViFFUZbc4icXuL5IpvJ1KXFDc7PDLKfVmDRK1JvK2i8JRJqkjj/bIaR44kDO4jg==",
      "deprecated": "Package no longer supported. Contact support@npmjs.com for more info."
    }
  },
  "dependencies": {
    "R": {
      "version": "1.0.0",
      "resolved": "https://registry.npmjs.org/R/-/R-1.0.0.tgz",
      "integrity": "sha512-oQ6XUl1LCGFmf23GQdGefa5ViFFUZbc4icXuL5IpvJ1KXFDc7PDLKfVmDRK1JvK2i8JRJqkjj/bIaR44kDO4jg=="
    }
  }
}
